// !$*UTF8*$!
{
	archiveVersion = 1;
	classes = {
	};
	objectVersion = 50;
	objects = {

/* Begin PBXBuildFile section */
		A12F7E6F25811C550007C427 /* Record.swift in Sources */ = {isa = PBXBuildFile; fileRef = A12F7E6E25811C550007C427 /* Record.swift */; };
		A12F7E722581223E0007C427 /* ResultTableViewController.swift in Sources */ = {isa = PBXBuildFile; fileRef = A12F7E712581223E0007C427 /* ResultTableViewController.swift */; };
		A13B1F83258657D300E7A994 /* BackgroundMusic.swift in Sources */ = {isa = PBXBuildFile; fileRef = A13B1F82258657D300E7A994 /* BackgroundMusic.swift */; };
		A13B1FAC2587182200E7A994 /* Muzik.mp3 in Resources */ = {isa = PBXBuildFile; fileRef = A13B1FAB2587182200E7A994 /* Muzik.mp3 */; };
		A13B1FB725871CDD00E7A994 /* InPlace.mp3 in Resources */ = {isa = PBXBuildFile; fileRef = A13B1FB625871CDD00E7A994 /* InPlace.mp3 */; };
		A13B1FBB25871FC300E7A994 /* Loser.mp3 in Resources */ = {isa = PBXBuildFile; fileRef = A13B1FBA25871FC300E7A994 /* Loser.mp3 */; };
		A13B1FBF25872D9600E7A994 /* Error.mp3 in Resources */ = {isa = PBXBuildFile; fileRef = A13B1FBD25872D9600E7A994 /* Error.mp3 */; };
		A13B1FC025872D9600E7A994 /* Correct.mp3 in Resources */ = {isa = PBXBuildFile; fileRef = A13B1FBE25872D9600E7A994 /* Correct.mp3 */; };
		A13B1FC325872E2600E7A994 /* Aleluya.mp3 in Resources */ = {isa = PBXBuildFile; fileRef = A13B1FC225872E2600E7A994 /* Aleluya.mp3 */; };
		A173C277257FADF600B675B4 /* AppDelegate.swift in Sources */ = {isa = PBXBuildFile; fileRef = A173C276257FADF600B675B4 /* AppDelegate.swift */; };
		A173C279257FADF600B675B4 /* SceneDelegate.swift in Sources */ = {isa = PBXBuildFile; fileRef = A173C278257FADF600B675B4 /* SceneDelegate.swift */; };
		A173C27B257FADF600B675B4 /* ViewController.swift in Sources */ = {isa = PBXBuildFile; fileRef = A173C27A257FADF600B675B4 /* ViewController.swift */; };
		A173C27E257FADF600B675B4 /* Main.storyboard in Resources */ = {isa = PBXBuildFile; fileRef = A173C27C257FADF600B675B4 /* Main.storyboard */; };
		A173C280257FADF900B675B4 /* Assets.xcassets in Resources */ = {isa = PBXBuildFile; fileRef = A173C27F257FADF900B675B4 /* Assets.xcassets */; };
		A173C283257FADF900B675B4 /* LaunchScreen.storyboard in Resources */ = {isa = PBXBuildFile; fileRef = A173C281257FADF900B675B4 /* LaunchScreen.storyboard */; };
		A173C28D257FDED600B675B4 /* MyParticle.sks in Resources */ = {isa = PBXBuildFile; fileRef = A173C28C257FDED500B675B4 /* MyParticle.sks */; };
/* End PBXBuildFile section */

/* Begin PBXFileReference section */
		A12F7E6E25811C550007C427 /* Record.swift */ = {isa = PBXFileReference; lastKnownFileType = sourcecode.swift; path = Record.swift; sourceTree = "<group>"; };
		A12F7E712581223E0007C427 /* ResultTableViewController.swift */ = {isa = PBXFileReference; lastKnownFileType = sourcecode.swift; path = ResultTableViewController.swift; sourceTree = "<group>"; };
		A13B1F82258657D300E7A994 /* BackgroundMusic.swift */ = {isa = PBXFileReference; lastKnownFileType = sourcecode.swift; path = BackgroundMusic.swift; sourceTree = "<group>"; };
		A13B1FAB2587182200E7A994 /* Muzik.mp3 */ = {isa = PBXFileReference; lastKnownFileType = audio.mp3; path = Muzik.mp3; sourceTree = "<group>"; };
		A13B1FB625871CDD00E7A994 /* InPlace.mp3 */ = {isa = PBXFileReference; lastKnownFileType = audio.mp3; name = InPlace.mp3; path = ../../../../InPlace.mp3; sourceTree = "<group>"; };
		A13B1FBA25871FC300E7A994 /* Loser.mp3 */ = {isa = PBXFileReference; lastKnownFileType = audio.mp3; path = Loser.mp3; sourceTree = "<group>"; };
		A13B1FBD25872D9600E7A994 /* Error.mp3 */ = {isa = PBXFileReference; lastKnownFileType = audio.mp3; path = Error.mp3; sourceTree = "<group>"; };
		A13B1FBE25872D9600E7A994 /* Correct.mp3 */ = {isa = PBXFileReference; lastKnownFileType = audio.mp3; path = Correct.mp3; sourceTree = "<group>"; };
		A13B1FC225872E2600E7A994 /* Aleluya.mp3 */ = {isa = PBXFileReference; lastKnownFileType = audio.mp3; path = Aleluya.mp3; sourceTree = "<group>"; };
		A173C273257FADF600B675B4 /* SlotMachine.app */ = {isa = PBXFileReference; explicitFileType = wrapper.application; includeInIndex = 0; path = SlotMachine.app; sourceTree = BUILT_PRODUCTS_DIR; };
		A173C276257FADF600B675B4 /* AppDelegate.swift */ = {isa = PBXFileReference; lastKnownFileType = sourcecode.swift; path = AppDelegate.swift; sourceTree = "<group>"; };
		A173C278257FADF600B675B4 /* SceneDelegate.swift */ = {isa = PBXFileReference; lastKnownFileType = sourcecode.swift; path = SceneDelegate.swift; sourceTree = "<group>"; };
		A173C27A257FADF600B675B4 /* ViewController.swift */ = {isa = PBXFileReference; lastKnownFileType = sourcecode.swift; path = ViewController.swift; sourceTree = "<group>"; };
		A173C27D257FADF600B675B4 /* Base */ = {isa = PBXFileReference; lastKnownFileType = file.storyboard; name = Base; path = Base.lproj/Main.storyboard; sourceTree = "<group>"; };
		A173C27F257FADF900B675B4 /* Assets.xcassets */ = {isa = PBXFileReference; lastKnownFileType = folder.assetcatalog; path = Assets.xcassets; sourceTree = "<group>"; };
		A173C282257FADF900B675B4 /* Base */ = {isa = PBXFileReference; lastKnownFileType = file.storyboard; name = Base; path = Base.lproj/LaunchScreen.storyboard; sourceTree = "<group>"; };
		A173C284257FADF900B675B4 /* Info.plist */ = {isa = PBXFileReference; lastKnownFileType = text.plist.xml; path = Info.plist; sourceTree = "<group>"; };
		A173C28C257FDED500B675B4 /* MyParticle.sks */ = {isa = PBXFileReference; lastKnownFileType = file.sks; path = MyParticle.sks; sourceTree = "<group>"; };
/* End PBXFileReference section */

/* Begin PBXFrameworksBuildPhase section */
		A173C270257FADF600B675B4 /* Frameworks */ = {
			isa = PBXFrameworksBuildPhase;
			buildActionMask = 2147483647;
			files = (
			);
			runOnlyForDeploymentPostprocessing = 0;
		};
/* End PBXFrameworksBuildPhase section */

/* Begin PBXGroup section */
		A173C26A257FADF600B675B4 = {
			isa = PBXGroup;
			children = (
				A173C275257FADF600B675B4 /* SlotMachine */,
				A173C274257FADF600B675B4 /* Products */,
			);
			sourceTree = "<group>";
		};
		A173C274257FADF600B675B4 /* Products */ = {
			isa = PBXGroup;
			children = (
				A173C273257FADF600B675B4 /* SlotMachine.app */,
			);
			name = Products;
			sourceTree = "<group>";
		};
		A173C275257FADF600B675B4 /* SlotMachine */ = {
			isa = PBXGroup;
			children = (
				A173C276257FADF600B675B4 /* AppDelegate.swift */,
				A12F7E6E25811C550007C427 /* Record.swift */,
				A13B1F82258657D300E7A994 /* BackgroundMusic.swift */,
				A173C278257FADF600B675B4 /* SceneDelegate.swift */,
				A173C27A257FADF600B675B4 /* ViewController.swift */,
				A12F7E712581223E0007C427 /* ResultTableViewController.swift */,
				A173C28C257FDED500B675B4 /* MyParticle.sks */,
				A173C27C257FADF600B675B4 /* Main.storyboard */,
				A173C27F257FADF900B675B4 /* Assets.xcassets */,
				A13B1FB625871CDD00E7A994 /* InPlace.mp3 */,
				A13B1FAB2587182200E7A994 /* Muzik.mp3 */,
				A13B1FBA25871FC300E7A994 /* Loser.mp3 */,
				A13B1FC225872E2600E7A994 /* Aleluya.mp3 */,
				A13B1FBE25872D9600E7A994 /* Correct.mp3 */,
				A13B1FBD25872D9600E7A994 /* Error.mp3 */,
				A173C281257FADF900B675B4 /* LaunchScreen.storyboard */,
				A173C284257FADF900B675B4 /* Info.plist */,
			);
			path = SlotMachine;
			sourceTree = "<group>";
		};
/* End PBXGroup section */

/* Begin PBXNativeTarget section */
		A173C272257FADF600B675B4 /* SlotMachine */ = {
			isa = PBXNativeTarget;
			buildConfigurationList = A173C287257FADF900B675B4 /* Build configuration list for PBXNativeTarget "SlotMachine" */;
			buildPhases = (
				A173C26F257FADF600B675B4 /* Sources */,
				A173C270257FADF600B675B4 /* Frameworks */,
				A173C271257FADF600B675B4 /* Resources */,
			);
			buildRules = (
			);
			dependencies = (
			);
			name = SlotMachine;
			productName = SlotMachine;
			productReference = A173C273257FADF600B675B4 /* SlotMachine.app */;
			productType = "com.apple.product-type.application";
		};
/* End PBXNativeTarget section */

/* Begin PBXProject section */
		A173C26B257FADF600B675B4 /* Project object */ = {
			isa = PBXProject;
			attributes = {
				LastSwiftUpdateCheck = 1220;
				LastUpgradeCheck = 1220;
				TargetAttributes = {
					A173C272257FADF600B675B4 = {
						CreatedOnToolsVersion = 12.2;
					};
				};
			};
			buildConfigurationList = A173C26E257FADF600B675B4 /* Build configuration list for PBXProject "SlotMachine" */;
			compatibilityVersion = "Xcode 9.3";
			developmentRegion = en;
			hasScannedForEncodings = 0;
			knownRegions = (
				en,
				Base,
			);
			mainGroup = A173C26A257FADF600B675B4;
			productRefGroup = A173C274257FADF600B675B4 /* Products */;
			projectDirPath = "";
			projectRoot = "";
			targets = (
				A173C272257FADF600B675B4 /* SlotMachine */,
			);
		};
/* End PBXProject section */

/* Begin PBXResourcesBuildPhase section */
		A173C271257FADF600B675B4 /* Resources */ = {
			isa = PBXResourcesBuildPhase;
			buildActionMask = 2147483647;
			files = (
				A173C283257FADF900B675B4 /* LaunchScreen.storyboard in Resources */,
				A13B1FBF25872D9600E7A994 /* Error.mp3 in Resources */,
				A13B1FBB25871FC300E7A994 /* Loser.mp3 in Resources */,
				A13B1FB725871CDD00E7A994 /* InPlace.mp3 in Resources */,
				A13B1FC025872D9600E7A994 /* Correct.mp3 in Resources */,
				A13B1FAC2587182200E7A994 /* Muzik.mp3 in Resources */,
				A13B1FC325872E2600E7A994 /* Aleluya.mp3 in Resources */,
				A173C280257FADF900B675B4 /* Assets.xcassets in Resources */,
				A173C27E257FADF600B675B4 /* Main.storyboard in Resources */,
				A173C28D257FDED600B675B4 /* MyParticle.sks in Resources */,
			);
			runOnlyForDeploymentPostprocessing = 0;
		};
/* End PBXResourcesBuildPhase section */

/* Begin PBXSourcesBuildPhase section */
		A173C26F257FADF600B675B4 /* Sources */ = {
			isa = PBXSourcesBuildPhase;
			buildActionMask = 2147483647;
			files = (
				A173C27B257FADF600B675B4 /* ViewController.swift in Sources */,
				A173C277257FADF600B675B4 /* AppDelegate.swift in Sources */,
				A13B1F83258657D300E7A994 /* BackgroundMusic.swift in Sources */,
				A12F7E722581223E0007C427 /* ResultTableViewController.swift in Sources */,
				A12F7E6F25811C550007C427 /* Record.swift in Sources */,
				A173C279257FADF600B675B4 /* SceneDelegate.swift in Sources */,
			);
			runOnlyForDeploymentPostprocessing = 0;
		};
/* End PBXSourcesBuildPhase section */

/* Begin PBXVariantGroup section */
		A173C27C257FADF600B675B4 /* Main.storyboard */ = {
			isa = PBXVariantGroup;
			children = (
				A173C27D257FADF600B675B4 /* Base */,
			);
			name = Main.storyboard;
			sourceTree = "<group>";
		};
		A173C281257FADF900B675B4 /* LaunchScreen.storyboard */ = {
			isa = PBXVariantGroup;
			children = (
				A173C282257FADF900B675B4 /* Base */,
			);
			name = LaunchScreen.storyboard;
			sourceTree = "<group>";
		};
/* End PBXVariantGroup section */

/* Begin XCBuildConfiguration section */
		A173C285257FADF900B675B4 /* Debug */ = {
			isa = XCBuildConfiguration;
			buildSettings = {
				ALWAYS_SEARCH_USER_PATHS = NO;
				CLANG_ANALYZER_NONNULL = YES;
				CLANG_ANALYZER_NUMBER_OBJECT_CONVERSION = YES_AGGRESSIVE;
				CLANG_CXX_LANGUAGE_STANDARD = "gnu++14";
				CLANG_CXX_LIBRARY = "libc++";
				CLANG_ENABLE_MODULES = YES;
				CLANG_ENABLE_OBJC_ARC = YES;
				CLANG_ENABLE_OBJC_WEAK = YES;
				CLANG_WARN_BLOCK_CAPTURE_AUTORELEASING = YES;
				CLANG_WARN_BOOL_CONVERSION = YES;
				CLANG_WARN_COMMA = YES;
				CLANG_WARN_CONSTANT_CONVERSION = YES;
				CLANG_WARN_DEPRECATED_OBJC_IMPLEMENTATIONS = YES;
				CLANG_WARN_DIRECT_OBJC_ISA_USAGE = YES_ERROR;
				CLANG_WARN_DOCUMENTATION_COMMENTS = YES;
				CLANG_WARN_EMPTY_BODY = YES;
				CLANG_WARN_ENUM_CONVERSION = YES;
				CLANG_WARN_INFINITE_RECURSION = YES;
				CLANG_WARN_INT_CONVERSION = YES;
				CLANG_WARN_NON_LITERAL_NULL_CONVERSION = YES;
				CLANG_WARN_OBJC_IMPLICIT_RETAIN_SELF = YES;
				CLANG_WARN_OBJC_LITERAL_CONVERSION = YES;
				CLANG_WARN_OBJC_ROOT_CLASS = YES_ERROR;
				CLANG_WARN_QUOTED_INCLUDE_IN_FRAMEWORK_HEADER = YES;
				CLANG_WARN_RANGE_LOOP_ANALYSIS = YES;
				CLANG_WARN_STRICT_PROTOTYPES = YES;
				CLANG_WARN_SUSPICIOUS_MOVE = YES;
				CLANG_WARN_UNGUARDED_AVAILABILITY = YES_AGGRESSIVE;
				CLANG_WARN_UNREACHABLE_CODE = YES;
				CLANG_WARN__DUPLICATE_METHOD_MATCH = YES;
				COPY_PHASE_STRIP = NO;
				DEBUG_INFORMATION_FORMAT = dwarf;
				ENABLE_STRICT_OBJC_MSGSEND = YES;
				ENABLE_TESTABILITY = YES;
				GCC_C_LANGUAGE_STANDARD = gnu11;
				GCC_DYNAMIC_NO_PIC = NO;
				GCC_NO_COMMON_BLOCKS = YES;
				GCC_OPTIMIZATION_LEVEL = 0;
				GCC_PREPROCESSOR_DEFINITIONS = (
					"DEBUG=1",
					"$(inherited)",
				);
				GCC_WARN_64_TO_32_BIT_CONVERSION = YES;
				GCC_WARN_ABOUT_RETURN_TYPE = YES_ERROR;
				GCC_WARN_UNDECLARED_SELECTOR = YES;
				GCC_WARN_UNINITIALIZED_AUTOS = YES_AGGRESSIVE;
				GCC_WARN_UNUSED_FUNCTION = YES;
				GCC_WARN_UNUSED_VARIABLE = YES;
				IPHONEOS_DEPLOYMENT_TARGET = 14.2;
				MTL_ENABLE_DEBUG_INFO = INCLUDE_SOURCE;
				MTL_FAST_MATH = YES;
				ONLY_ACTIVE_ARCH = YES;
				SDKROOT = iphoneos;
				SWIFT_ACTIVE_COMPILATION_CONDITIONS = DEBUG;
				SWIFT_OPTIMIZATION_LEVEL = "-Onone";
			};
			name = Debug;
		};
		A173C286257FADF900B675B4 /* Release */ = {
			isa = XCBuildConfiguration;
			buildSettings = {
				ALWAYS_SEARCH_USER_PATHS = NO;
				CLANG_ANALYZER_NONNULL = YES;
				CLANG_ANALYZER_NUMBER_OBJECT_CONVERSION = YES_AGGRESSIVE;
				CLANG_CXX_LANGUAGE_STANDARD = "gnu++14";
				CLANG_CXX_LIBRARY = "libc++";
				CLANG_ENABLE_MODULES = YES;
				CLANG_ENABLE_OBJC_ARC = YES;
				CLANG_ENABLE_OBJC_WEAK = YES;
				CLANG_WARN_BLOCK_CAPTURE_AUTORELEASING = YES;
				CLANG_WARN_BOOL_CONVERSION = YES;
				CLANG_WARN_COMMA = YES;
				CLANG_WARN_CONSTANT_CONVERSION = YES;
				CLANG_WARN_DEPRECATED_OBJC_IMPLEMENTATIONS = YES;
				CLANG_WARN_DIRECT_OBJC_ISA_USAGE = YES_ERROR;
				CLANG_WARN_DOCUMENTATION_COMMENTS = YES;
				CLANG_WARN_EMPTY_BODY = YES;
				CLANG_WARN_ENUM_CONVERSION = YES;
				CLANG_WARN_INFINITE_RECURSION = YES;
				CLANG_WARN_INT_CONVERSION = YES;
				CLANG_WARN_NON_LITERAL_NULL_CONVERSION = YES;
				CLANG_WARN_OBJC_IMPLICIT_RETAIN_SELF = YES;
				CLANG_WARN_OBJC_LITERAL_CONVERSION = YES;
				CLANG_WARN_OBJC_ROOT_CLASS = YES_ERROR;
				CLANG_WARN_QUOTED_INCLUDE_IN_FRAMEWORK_HEADER = YES;
				CLANG_WARN_RANGE_LOOP_ANALYSIS = YES;
				CLANG_WARN_STRICT_PROTOTYPES = YES;
				CLANG_WARN_SUSPICIOUS_MOVE = YES;
				CLANG_WARN_UNGUARDED_AVAILABILITY = YES_AGGRESSIVE;
				CLANG_WARN_UNREACHABLE_CODE = YES;
				CLANG_WARN__DUPLICATE_METHOD_MATCH = YES;
				COPY_PHASE_STRIP = NO;
				DEBUG_INFORMATION_FORMAT = "dwarf-with-dsym";
				ENABLE_NS_ASSERTIONS = NO;
				ENABLE_STRICT_OBJC_MSGSEND = YES;
				GCC_C_LANGUAGE_STANDARD = gnu11;
				GCC_NO_COMMON_BLOCKS = YES;
				GCC_WARN_64_TO_32_BIT_CONVERSION = YES;
				GCC_WARN_ABOUT_RETURN_TYPE = YES_ERROR;
				GCC_WARN_UNDECLARED_SELECTOR = YES;
				GCC_WARN_UNINITIALIZED_AUTOS = YES_AGGRESSIVE;
				GCC_WARN_UNUSED_FUNCTION = YES;
				GCC_WARN_UNUSED_VARIABLE = YES;
				IPHONEOS_DEPLOYMENT_TARGET = 14.2;
				MTL_ENABLE_DEBUG_INFO = NO;
				MTL_FAST_MATH = YES;
				SDKROOT = iphoneos;
				SWIFT_COMPILATION_MODE = wholemodule;
				SWIFT_OPTIMIZATION_LEVEL = "-O";
				VALIDATE_PRODUCT = YES;
			};
			name = Release;
		};
		A173C288257FADF900B675B4 /* Debug */ = {
			isa = XCBuildConfiguration;
			buildSettings = {
				ASSETCATALOG_COMPILER_APPICON_NAME = AppIcon;
				ASSETCATALOG_COMPILER_GLOBAL_ACCENT_COLOR_NAME = AccentColor;
				CODE_SIGN_IDENTITY = "Apple Development";
				CODE_SIGN_STYLE = Automatic;
				DEVELOPMENT_TEAM = 4SWYU5C65V;
				INFOPLIST_FILE = SlotMachine/Info.plist;
				IPHONEOS_DEPLOYMENT_TARGET = 13.6;
				LD_RUNPATH_SEARCH_PATHS = (
					"$(inherited)",
					"@executable_path/Frameworks",
				);
				PRODUCT_BUNDLE_IDENTIFIER = com.marso.SlotMachine;
				PRODUCT_NAME = "$(TARGET_NAME)";
				PROVISIONING_PROFILE_SPECIFIER = "";
				SWIFT_VERSION = 5.0;
				TARGETED_DEVICE_FAMILY = "1,2";
			};
			name = Debug;
		};
		A173C289257FADF900B675B4 /* Release */ = {
			isa = XCBuildConfiguration;
			buildSettings = {
				ASSETCATALOG_COMPILER_APPICON_NAME = AppIcon;
				ASSETCATALOG_COMPILER_GLOBAL_ACCENT_COLOR_NAME = AccentColor;
				CODE_SIGN_IDENTITY = "Apple Development";
				CODE_SIGN_STYLE = Automatic;
				DEVELOPMENT_TEAM = 4SWYU5C65V;
				INFOPLIST_FILE = SlotMachine/Info.plist;
				IPHONEOS_DEPLOYMENT_TARGET = 13.6;
				LD_RUNPATH_SEARCH_PATHS = (
					"$(inherited)",
					"@executable_path/Frameworks",
				);
				PRODUCT_BUNDLE_IDENTIFIER = com.marso.SlotMachine;
				PRODUCT_NAME = "$(TARGET_NAME)";
				PROVISIONING_PROFILE_SPECIFIER = "";
				SWIFT_VERSION = 5.0;
				TARGETED_DEVICE_FAMILY = "1,2";
			};
			name = Release;
		};
/* End XCBuildConfiguration section */

/* Begin XCConfigurationList section */
		A173C26E257FADF600B675B4 /* Build configuration list for PBXProject "SlotMachine" */ = {
			isa = XCConfigurationList;
			buildConfigurations = (
				A173C285257FADF900B675B4 /* Debug */,
				A173C286257FADF900B675B4 /* Release */,
			);
			defaultConfigurationIsVisible = 0;
			defaultConfigurationName = Release;
		};
		A173C287257FADF900B675B4 /* Build configuration list for PBXNativeTarget "SlotMachine" */ = {
			isa = XCConfigurationList;
			buildConfigurations = (
				A173C288257FADF900B675B4 /* Debug */,
				A173C289257FADF900B675B4 /* Release */,
			);
			defaultConfigurationIsVisible = 0;
			defaultConfigurationName = Release;
		};
/* End XCConfigurationList section */
	};
	rootObject = A173C26B257FADF600B675B4 /* Project object */;
}
